// !$*UTF8*$!
{
	archiveVersion = 1;
	classes = {
	};
	objectVersion = 55;
	objects = {

/* Begin PBXBuildFile section */
		4A1B294A28A7AA5700E32D28 /* Reader.xcdatamodeld in Sources */ = {isa = PBXBuildFile; fileRef = 4A1B294828A7AA5700E32D28 /* Reader.xcdatamodeld */; };
		4A1B295028A7AB7200E32D28 /* CloudData.swift in Sources */ = {isa = PBXBuildFile; fileRef = 4A1B294F28A7AB7200E32D28 /* CloudData.swift */; };
		4A1B295228A7B7F200E32D28 /* LocalRecord.swift in Sources */ = {isa = PBXBuildFile; fileRef = 4A1B295128A7B7F200E32D28 /* LocalRecord.swift */; };
		4A20326F28A2BD8E00D4E4E2 /* Tests_iOS.swift in Sources */ = {isa = PBXBuildFile; fileRef = 4A20326E28A2BD8E00D4E4E2 /* Tests_iOS.swift */; };
		4A20327128A2BD8E00D4E4E2 /* Tests_iOSLaunchTests.swift in Sources */ = {isa = PBXBuildFile; fileRef = 4A20327028A2BD8E00D4E4E2 /* Tests_iOSLaunchTests.swift */; };
		4A20327B28A2BD8E00D4E4E2 /* Tests_macOS.swift in Sources */ = {isa = PBXBuildFile; fileRef = 4A20327A28A2BD8E00D4E4E2 /* Tests_macOS.swift */; };
		4A20327D28A2BD8E00D4E4E2 /* Tests_macOSLaunchTests.swift in Sources */ = {isa = PBXBuildFile; fileRef = 4A20327C28A2BD8E00D4E4E2 /* Tests_macOSLaunchTests.swift */; };
		4A20327E28A2BD8E00D4E4E2 /* ReaderApp.swift in Sources */ = {isa = PBXBuildFile; fileRef = 4A20325628A2BD8D00D4E4E2 /* ReaderApp.swift */; };
		4A20327F28A2BD8E00D4E4E2 /* ReaderApp.swift in Sources */ = {isa = PBXBuildFile; fileRef = 4A20325628A2BD8D00D4E4E2 /* ReaderApp.swift */; };
		4A20328028A2BD8E00D4E4E2 /* Master.swift in Sources */ = {isa = PBXBuildFile; fileRef = 4A20325728A2BD8D00D4E4E2 /* Master.swift */; };
		4A20328128A2BD8E00D4E4E2 /* Master.swift in Sources */ = {isa = PBXBuildFile; fileRef = 4A20325728A2BD8D00D4E4E2 /* Master.swift */; };
		4A20328228A2BD8E00D4E4E2 /* Assets.xcassets in Resources */ = {isa = PBXBuildFile; fileRef = 4A20325828A2BD8E00D4E4E2 /* Assets.xcassets */; };
		4A20328328A2BD8E00D4E4E2 /* Assets.xcassets in Resources */ = {isa = PBXBuildFile; fileRef = 4A20325828A2BD8E00D4E4E2 /* Assets.xcassets */; };
		4A20329328A2BE4900D4E4E2 /* Article.swift in Sources */ = {isa = PBXBuildFile; fileRef = 4A20329228A2BE4900D4E4E2 /* Article.swift */; };
		4A2E8E6028A4CB8900A33BD5 /* BetterSafariView in Frameworks */ = {isa = PBXBuildFile; productRef = 4A2E8E5F28A4CB8900A33BD5 /* BetterSafariView */; };
		4A2E8E6228A50F0500A33BD5 /* TabNoteData.swift in Sources */ = {isa = PBXBuildFile; fileRef = 4A2E8E6128A50F0500A33BD5 /* TabNoteData.swift */; };
		4A2E8E6428A68A2200A33BD5 /* NoteEntryAndList.swift in Sources */ = {isa = PBXBuildFile; fileRef = 4A2E8E6328A68A2200A33BD5 /* NoteEntryAndList.swift */; };
		4A2E8E6628A68DF200A33BD5 /* Extension.swift in Sources */ = {isa = PBXBuildFile; fileRef = 4A2E8E6528A68DF200A33BD5 /* Extension.swift */; };
		4A2E8E6928A6A92A00A33BD5 /* ImagePickerView in Frameworks */ = {isa = PBXBuildFile; productRef = 4A2E8E6828A6A92A00A33BD5 /* ImagePickerView */; };
		4A75B20928A3FCE200F99797 /* ArticleDetail.swift in Sources */ = {isa = PBXBuildFile; fileRef = 4A75B20828A3FCE200F99797 /* ArticleDetail.swift */; };
		4A75B20B28A4029F00F99797 /* DarkModeControl.swift in Sources */ = {isa = PBXBuildFile; fileRef = 4A75B20A28A4029F00F99797 /* DarkModeControl.swift */; };
		4A75B20D28A4033F00F99797 /* Vibraion.swift in Sources */ = {isa = PBXBuildFile; fileRef = 4A75B20C28A4033F00F99797 /* Vibraion.swift */; };
		4A75B20F28A40A8E00F99797 /* MotionManager.swift in Sources */ = {isa = PBXBuildFile; fileRef = 4A75B20E28A40A8E00F99797 /* MotionManager.swift */; };
		4A75B21128A4BAA400F99797 /* ReadingNote.swift in Sources */ = {isa = PBXBuildFile; fileRef = 4A75B21028A4BAA400F99797 /* ReadingNote.swift */; };
/* End PBXBuildFile section */

/* Begin PBXContainerItemProxy section */
		4A20326B28A2BD8E00D4E4E2 /* PBXContainerItemProxy */ = {
			isa = PBXContainerItemProxy;
			containerPortal = 4A20325128A2BD8D00D4E4E2 /* Project object */;
			proxyType = 1;
			remoteGlobalIDString = 4A20325C28A2BD8E00D4E4E2;
			remoteInfo = "Reader (iOS)";
		};
		4A20327728A2BD8E00D4E4E2 /* PBXContainerItemProxy */ = {
			isa = PBXContainerItemProxy;
			containerPortal = 4A20325128A2BD8D00D4E4E2 /* Project object */;
			proxyType = 1;
			remoteGlobalIDString = 4A20326228A2BD8E00D4E4E2;
			remoteInfo = "Reader (macOS)";
		};
/* End PBXContainerItemProxy section */

/* Begin PBXFileReference section */
		4A1B294928A7AA5700E32D28 /* CheckInModel.xcdatamodel */ = {isa = PBXFileReference; lastKnownFileType = wrapper.xcdatamodel; path = CheckInModel.xcdatamodel; sourceTree = "<group>"; };
		4A1B294F28A7AB7200E32D28 /* CloudData.swift */ = {isa = PBXFileReference; lastKnownFileType = sourcecode.swift; path = CloudData.swift; sourceTree = "<group>"; };
		4A1B295128A7B7F200E32D28 /* LocalRecord.swift */ = {isa = PBXFileReference; lastKnownFileType = sourcecode.swift; path = LocalRecord.swift; sourceTree = "<group>"; };
		4A20325628A2BD8D00D4E4E2 /* ReaderApp.swift */ = {isa = PBXFileReference; lastKnownFileType = sourcecode.swift; path = ReaderApp.swift; sourceTree = "<group>"; };
		4A20325728A2BD8D00D4E4E2 /* Master.swift */ = {isa = PBXFileReference; lastKnownFileType = sourcecode.swift; path = Master.swift; sourceTree = "<group>"; };
		4A20325828A2BD8E00D4E4E2 /* Assets.xcassets */ = {isa = PBXFileReference; lastKnownFileType = folder.assetcatalog; path = Assets.xcassets; sourceTree = "<group>"; };
		4A20325D28A2BD8E00D4E4E2 /* Reader.app */ = {isa = PBXFileReference; explicitFileType = wrapper.application; includeInIndex = 0; path = Reader.app; sourceTree = BUILT_PRODUCTS_DIR; };
		4A20326328A2BD8E00D4E4E2 /* Reader.app */ = {isa = PBXFileReference; explicitFileType = wrapper.application; includeInIndex = 0; path = Reader.app; sourceTree = BUILT_PRODUCTS_DIR; };
		4A20326528A2BD8E00D4E4E2 /* macOS.entitlements */ = {isa = PBXFileReference; lastKnownFileType = text.plist.entitlements; path = macOS.entitlements; sourceTree = "<group>"; };
		4A20326A28A2BD8E00D4E4E2 /* Tests iOS.xctest */ = {isa = PBXFileReference; explicitFileType = wrapper.cfbundle; includeInIndex = 0; path = "Tests iOS.xctest"; sourceTree = BUILT_PRODUCTS_DIR; };
		4A20326E28A2BD8E00D4E4E2 /* Tests_iOS.swift */ = {isa = PBXFileReference; lastKnownFileType = sourcecode.swift; path = Tests_iOS.swift; sourceTree = "<group>"; };
		4A20327028A2BD8E00D4E4E2 /* Tests_iOSLaunchTests.swift */ = {isa = PBXFileReference; lastKnownFileType = sourcecode.swift; path = Tests_iOSLaunchTests.swift; sourceTree = "<group>"; };
		4A20327628A2BD8E00D4E4E2 /* Tests macOS.xctest */ = {isa = PBXFileReference; explicitFileType = wrapper.cfbundle; includeInIndex = 0; path = "Tests macOS.xctest"; sourceTree = BUILT_PRODUCTS_DIR; };
		4A20327A28A2BD8E00D4E4E2 /* Tests_macOS.swift */ = {isa = PBXFileReference; lastKnownFileType = sourcecode.swift; path = Tests_macOS.swift; sourceTree = "<group>"; };
		4A20327C28A2BD8E00D4E4E2 /* Tests_macOSLaunchTests.swift */ = {isa = PBXFileReference; lastKnownFileType = sourcecode.swift; path = Tests_macOSLaunchTests.swift; sourceTree = "<group>"; };
		4A20329228A2BE4900D4E4E2 /* Article.swift */ = {isa = PBXFileReference; lastKnownFileType = sourcecode.swift; path = Article.swift; sourceTree = "<group>"; };
		4A2E8E6128A50F0500A33BD5 /* TabNoteData.swift */ = {isa = PBXFileReference; lastKnownFileType = sourcecode.swift; path = TabNoteData.swift; sourceTree = "<group>"; };
		4A2E8E6328A68A2200A33BD5 /* NoteEntryAndList.swift */ = {isa = PBXFileReference; lastKnownFileType = sourcecode.swift; path = NoteEntryAndList.swift; sourceTree = "<group>"; };
		4A2E8E6528A68DF200A33BD5 /* Extension.swift */ = {isa = PBXFileReference; lastKnownFileType = sourcecode.swift; path = Extension.swift; sourceTree = "<group>"; };
		4A5F229128A7FF1F00141202 /* Reader--iOS--Info.plist */ = {isa = PBXFileReference; lastKnownFileType = text.plist; path = "Reader--iOS--Info.plist"; sourceTree = "<group>"; };
		4A75B20828A3FCE200F99797 /* ArticleDetail.swift */ = {isa = PBXFileReference; lastKnownFileType = sourcecode.swift; path = ArticleDetail.swift; sourceTree = "<group>"; };
		4A75B20A28A4029F00F99797 /* DarkModeControl.swift */ = {isa = PBXFileReference; lastKnownFileType = sourcecode.swift; path = DarkModeControl.swift; sourceTree = "<group>"; };
		4A75B20C28A4033F00F99797 /* Vibraion.swift */ = {isa = PBXFileReference; lastKnownFileType = sourcecode.swift; path = Vibraion.swift; sourceTree = "<group>"; };
		4A75B20E28A40A8E00F99797 /* MotionManager.swift */ = {isa = PBXFileReference; lastKnownFileType = sourcecode.swift; path = MotionManager.swift; sourceTree = "<group>"; };
		4A75B21028A4BAA400F99797 /* ReadingNote.swift */ = {isa = PBXFileReference; lastKnownFileType = sourcecode.swift; path = ReadingNote.swift; sourceTree = "<group>"; };
/* End PBXFileReference section */

/* Begin PBXFrameworksBuildPhase section */
		4A20325A28A2BD8E00D4E4E2 /* Frameworks */ = {
			isa = PBXFrameworksBuildPhase;
			buildActionMask = 2147483647;
			files = (
				4A2E8E6028A4CB8900A33BD5 /* BetterSafariView in Frameworks */,
				4A2E8E6928A6A92A00A33BD5 /* ImagePickerView in Frameworks */,
			);
			runOnlyForDeploymentPostprocessing = 0;
		};
		4A20326028A2BD8E00D4E4E2 /* Frameworks */ = {
			isa = PBXFrameworksBuildPhase;
			buildActionMask = 2147483647;
			files = (
			);
			runOnlyForDeploymentPostprocessing = 0;
		};
		4A20326728A2BD8E00D4E4E2 /* Frameworks */ = {
			isa = PBXFrameworksBuildPhase;
			buildActionMask = 2147483647;
			files = (
			);
			runOnlyForDeploymentPostprocessing = 0;
		};
		4A20327328A2BD8E00D4E4E2 /* Frameworks */ = {
			isa = PBXFrameworksBuildPhase;
			buildActionMask = 2147483647;
			files = (
			);
			runOnlyForDeploymentPostprocessing = 0;
		};
/* End PBXFrameworksBuildPhase section */

/* Begin PBXGroup section */
		4A1B294B28A7AA6100E32D28 /* ViewModel + Model */ = {
			isa = PBXGroup;
			children = (
				4A1B294828A7AA5700E32D28 /* Reader.xcdatamodeld */,
				4A1B294F28A7AB7200E32D28 /* CloudData.swift */,
			);
			path = "ViewModel + Model";
			sourceTree = "<group>";
		};
		4A1B294D28A7AA9100E32D28 /* Views */ = {
			isa = PBXGroup;
			children = (
				4A20325628A2BD8D00D4E4E2 /* ReaderApp.swift */,
				4A20325728A2BD8D00D4E4E2 /* Master.swift */,
				4A20329228A2BE4900D4E4E2 /* Article.swift */,
				4A75B20828A3FCE200F99797 /* ArticleDetail.swift */,
				4A75B20A28A4029F00F99797 /* DarkModeControl.swift */,
				4A75B20E28A40A8E00F99797 /* MotionManager.swift */,
				4A75B21028A4BAA400F99797 /* ReadingNote.swift */,
				4A2E8E6328A68A2200A33BD5 /* NoteEntryAndList.swift */,
				4A2E8E6128A50F0500A33BD5 /* TabNoteData.swift */,
				4A75B20C28A4033F00F99797 /* Vibraion.swift */,
				4A2E8E6528A68DF200A33BD5 /* Extension.swift */,
				4A1B295128A7B7F200E32D28 /* LocalRecord.swift */,
			);
			path = Views;
			sourceTree = "<group>";
		};
		4A20325028A2BD8D00D4E4E2 = {
			isa = PBXGroup;
			children = (
				4A5F229128A7FF1F00141202 /* Reader--iOS--Info.plist */,
				4A20325528A2BD8D00D4E4E2 /* Shared */,
				4A20326428A2BD8E00D4E4E2 /* macOS */,
				4A20326D28A2BD8E00D4E4E2 /* Tests iOS */,
				4A20327928A2BD8E00D4E4E2 /* Tests macOS */,
				4A20325E28A2BD8E00D4E4E2 /* Products */,
				4A2E8E5E28A4CB8900A33BD5 /* Frameworks */,
			);
			sourceTree = "<group>";
		};
		4A20325528A2BD8D00D4E4E2 /* Shared */ = {
			isa = PBXGroup;
			children = (
				4A1B294D28A7AA9100E32D28 /* Views */,
				4A1B294B28A7AA6100E32D28 /* ViewModel + Model */,
				4A20325828A2BD8E00D4E4E2 /* Assets.xcassets */,
			);
			path = Shared;
			sourceTree = "<group>";
		};
		4A20325E28A2BD8E00D4E4E2 /* Products */ = {
			isa = PBXGroup;
			children = (
				4A20325D28A2BD8E00D4E4E2 /* Reader.app */,
				4A20326328A2BD8E00D4E4E2 /* Reader.app */,
				4A20326A28A2BD8E00D4E4E2 /* Tests iOS.xctest */,
				4A20327628A2BD8E00D4E4E2 /* Tests macOS.xctest */,
			);
			name = Products;
			sourceTree = "<group>";
		};
		4A20326428A2BD8E00D4E4E2 /* macOS */ = {
			isa = PBXGroup;
			children = (
				4A20326528A2BD8E00D4E4E2 /* macOS.entitlements */,
			);
			path = macOS;
			sourceTree = "<group>";
		};
		4A20326D28A2BD8E00D4E4E2 /* Tests iOS */ = {
			isa = PBXGroup;
			children = (
				4A20326E28A2BD8E00D4E4E2 /* Tests_iOS.swift */,
				4A20327028A2BD8E00D4E4E2 /* Tests_iOSLaunchTests.swift */,
			);
			path = "Tests iOS";
			sourceTree = "<group>";
		};
		4A20327928A2BD8E00D4E4E2 /* Tests macOS */ = {
			isa = PBXGroup;
			children = (
				4A20327A28A2BD8E00D4E4E2 /* Tests_macOS.swift */,
				4A20327C28A2BD8E00D4E4E2 /* Tests_macOSLaunchTests.swift */,
			);
			path = "Tests macOS";
			sourceTree = "<group>";
		};
		4A2E8E5E28A4CB8900A33BD5 /* Frameworks */ = {
			isa = PBXGroup;
			children = (
			);
			name = Frameworks;
			sourceTree = "<group>";
		};
/* End PBXGroup section */

/* Begin PBXNativeTarget section */
		4A20325C28A2BD8E00D4E4E2 /* Reader (iOS) */ = {
			isa = PBXNativeTarget;
			buildConfigurationList = 4A20328628A2BD8E00D4E4E2 /* Build configuration list for PBXNativeTarget "Reader (iOS)" */;
			buildPhases = (
				4A20325928A2BD8E00D4E4E2 /* Sources */,
				4A20325A28A2BD8E00D4E4E2 /* Frameworks */,
				4A20325B28A2BD8E00D4E4E2 /* Resources */,
			);
			buildRules = (
			);
			dependencies = (
			);
			name = "Reader (iOS)";
			packageProductDependencies = (
				4A2E8E5F28A4CB8900A33BD5 /* BetterSafariView */,
				4A2E8E6828A6A92A00A33BD5 /* ImagePickerView */,
			);
			productName = "Reader (iOS)";
			productReference = 4A20325D28A2BD8E00D4E4E2 /* Reader.app */;
			productType = "com.apple.product-type.application";
		};
		4A20326228A2BD8E00D4E4E2 /* Reader (macOS) */ = {
			isa = PBXNativeTarget;
			buildConfigurationList = 4A20328928A2BD8E00D4E4E2 /* Build configuration list for PBXNativeTarget "Reader (macOS)" */;
			buildPhases = (
				4A20325F28A2BD8E00D4E4E2 /* Sources */,
				4A20326028A2BD8E00D4E4E2 /* Frameworks */,
				4A20326128A2BD8E00D4E4E2 /* Resources */,
			);
			buildRules = (
			);
			dependencies = (
			);
			name = "Reader (macOS)";
			productName = "Reader (macOS)";
			productReference = 4A20326328A2BD8E00D4E4E2 /* Reader.app */;
			productType = "com.apple.product-type.application";
		};
		4A20326928A2BD8E00D4E4E2 /* Tests iOS */ = {
			isa = PBXNativeTarget;
			buildConfigurationList = 4A20328C28A2BD8E00D4E4E2 /* Build configuration list for PBXNativeTarget "Tests iOS" */;
			buildPhases = (
				4A20326628A2BD8E00D4E4E2 /* Sources */,
				4A20326728A2BD8E00D4E4E2 /* Frameworks */,
				4A20326828A2BD8E00D4E4E2 /* Resources */,
			);
			buildRules = (
			);
			dependencies = (
				4A20326C28A2BD8E00D4E4E2 /* PBXTargetDependency */,
			);
			name = "Tests iOS";
			productName = "Tests iOS";
			productReference = 4A20326A28A2BD8E00D4E4E2 /* Tests iOS.xctest */;
			productType = "com.apple.product-type.bundle.ui-testing";
		};
		4A20327528A2BD8E00D4E4E2 /* Tests macOS */ = {
			isa = PBXNativeTarget;
			buildConfigurationList = 4A20328F28A2BD8E00D4E4E2 /* Build configuration list for PBXNativeTarget "Tests macOS" */;
			buildPhases = (
				4A20327228A2BD8E00D4E4E2 /* Sources */,
				4A20327328A2BD8E00D4E4E2 /* Frameworks */,
				4A20327428A2BD8E00D4E4E2 /* Resources */,
			);
			buildRules = (
			);
			dependencies = (
				4A20327828A2BD8E00D4E4E2 /* PBXTargetDependency */,
			);
			name = "Tests macOS";
			productName = "Tests macOS";
			productReference = 4A20327628A2BD8E00D4E4E2 /* Tests macOS.xctest */;
			productType = "com.apple.product-type.bundle.ui-testing";
		};
/* End PBXNativeTarget section */

/* Begin PBXProject section */
		4A20325128A2BD8D00D4E4E2 /* Project object */ = {
			isa = PBXProject;
			attributes = {
				BuildIndependentTargetsInParallel = 1;
				LastSwiftUpdateCheck = 1340;
				LastUpgradeCheck = 1340;
				TargetAttributes = {
					4A20325C28A2BD8E00D4E4E2 = {
						CreatedOnToolsVersion = 13.4.1;
					};
					4A20326228A2BD8E00D4E4E2 = {
						CreatedOnToolsVersion = 13.4.1;
					};
					4A20326928A2BD8E00D4E4E2 = {
						CreatedOnToolsVersion = 13.4.1;
						TestTargetID = 4A20325C28A2BD8E00D4E4E2;
					};
					4A20327528A2BD8E00D4E4E2 = {
						CreatedOnToolsVersion = 13.4.1;
						TestTargetID = 4A20326228A2BD8E00D4E4E2;
					};
				};
			};
			buildConfigurationList = 4A20325428A2BD8D00D4E4E2 /* Build configuration list for PBXProject "Reader" */;
			compatibilityVersion = "Xcode 13.0";
			developmentRegion = en;
			hasScannedForEncodings = 0;
			knownRegions = (
				en,
				Base,
			);
			mainGroup = 4A20325028A2BD8D00D4E4E2;
			packageReferences = (
				4A2E8E5D28A4CAA500A33BD5 /* XCRemoteSwiftPackageReference "BetterSafariView" */,
				4A2E8E6728A6A92A00A33BD5 /* XCRemoteSwiftPackageReference "ImagePickerView" */,
			);
			productRefGroup = 4A20325E28A2BD8E00D4E4E2 /* Products */;
			projectDirPath = "";
			projectRoot = "";
			targets = (
				4A20325C28A2BD8E00D4E4E2 /* Reader (iOS) */,
				4A20326228A2BD8E00D4E4E2 /* Reader (macOS) */,
				4A20326928A2BD8E00D4E4E2 /* Tests iOS */,
				4A20327528A2BD8E00D4E4E2 /* Tests macOS */,
			);
		};
/* End PBXProject section */

/* Begin PBXResourcesBuildPhase section */
		4A20325B28A2BD8E00D4E4E2 /* Resources */ = {
			isa = PBXResourcesBuildPhase;
			buildActionMask = 2147483647;
			files = (
				4A20328228A2BD8E00D4E4E2 /* Assets.xcassets in Resources */,
			);
			runOnlyForDeploymentPostprocessing = 0;
		};
		4A20326128A2BD8E00D4E4E2 /* Resources */ = {
			isa = PBXResourcesBuildPhase;
			buildActionMask = 2147483647;
			files = (
				4A20328328A2BD8E00D4E4E2 /* Assets.xcassets in Resources */,
			);
			runOnlyForDeploymentPostprocessing = 0;
		};
		4A20326828A2BD8E00D4E4E2 /* Resources */ = {
			isa = PBXResourcesBuildPhase;
			buildActionMask = 2147483647;
			files = (
			);
			runOnlyForDeploymentPostprocessing = 0;
		};
		4A20327428A2BD8E00D4E4E2 /* Resources */ = {
			isa = PBXResourcesBuildPhase;
			buildActionMask = 2147483647;
			files = (
			);
			runOnlyForDeploymentPostprocessing = 0;
		};
/* End PBXResourcesBuildPhase section */

/* Begin PBXSourcesBuildPhase section */
		4A20325928A2BD8E00D4E4E2 /* Sources */ = {
			isa = PBXSourcesBuildPhase;
			buildActionMask = 2147483647;
			files = (
				4A2E8E6428A68A2200A33BD5 /* NoteEntryAndList.swift in Sources */,
				4A20328028A2BD8E00D4E4E2 /* Master.swift in Sources */,
				4A2E8E6228A50F0500A33BD5 /* TabNoteData.swift in Sources */,
				4A1B294A28A7AA5700E32D28 /* Reader.xcdatamodeld in Sources */,
				4A1B295228A7B7F200E32D28 /* LocalRecord.swift in Sources */,
				4A75B20F28A40A8E00F99797 /* MotionManager.swift in Sources */,
				4A2E8E6628A68DF200A33BD5 /* Extension.swift in Sources */,
				4A75B20B28A4029F00F99797 /* DarkModeControl.swift in Sources */,
				4A75B21128A4BAA400F99797 /* ReadingNote.swift in Sources */,
				4A75B20928A3FCE200F99797 /* ArticleDetail.swift in Sources */,
				4A75B20D28A4033F00F99797 /* Vibraion.swift in Sources */,
				4A20327E28A2BD8E00D4E4E2 /* ReaderApp.swift in Sources */,
				4A1B295028A7AB7200E32D28 /* CloudData.swift in Sources */,
				4A20329328A2BE4900D4E4E2 /* Article.swift in Sources */,
			);
			runOnlyForDeploymentPostprocessing = 0;
		};
		4A20325F28A2BD8E00D4E4E2 /* Sources */ = {
			isa = PBXSourcesBuildPhase;
			buildActionMask = 2147483647;
			files = (
				4A20328128A2BD8E00D4E4E2 /* Master.swift in Sources */,
				4A20327F28A2BD8E00D4E4E2 /* ReaderApp.swift in Sources */,
			);
			runOnlyForDeploymentPostprocessing = 0;
		};
		4A20326628A2BD8E00D4E4E2 /* Sources */ = {
			isa = PBXSourcesBuildPhase;
			buildActionMask = 2147483647;
			files = (
				4A20327128A2BD8E00D4E4E2 /* Tests_iOSLaunchTests.swift in Sources */,
				4A20326F28A2BD8E00D4E4E2 /* Tests_iOS.swift in Sources */,
			);
			runOnlyForDeploymentPostprocessing = 0;
		};
		4A20327228A2BD8E00D4E4E2 /* Sources */ = {
			isa = PBXSourcesBuildPhase;
			buildActionMask = 2147483647;
			files = (
				4A20327D28A2BD8E00D4E4E2 /* Tests_macOSLaunchTests.swift in Sources */,
				4A20327B28A2BD8E00D4E4E2 /* Tests_macOS.swift in Sources */,
			);
			runOnlyForDeploymentPostprocessing = 0;
		};
/* End PBXSourcesBuildPhase section */

/* Begin PBXTargetDependency section */
		4A20326C28A2BD8E00D4E4E2 /* PBXTargetDependency */ = {
			isa = PBXTargetDependency;
			target = 4A20325C28A2BD8E00D4E4E2 /* Reader (iOS) */;
			targetProxy = 4A20326B28A2BD8E00D4E4E2 /* PBXContainerItemProxy */;
		};
		4A20327828A2BD8E00D4E4E2 /* PBXTargetDependency */ = {
			isa = PBXTargetDependency;
			target = 4A20326228A2BD8E00D4E4E2 /* Reader (macOS) */;
			targetProxy = 4A20327728A2BD8E00D4E4E2 /* PBXContainerItemProxy */;
		};
/* End PBXTargetDependency section */

/* Begin XCBuildConfiguration section */
		4A20328428A2BD8E00D4E4E2 /* Debug */ = {
			isa = XCBuildConfiguration;
			buildSettings = {
				ALWAYS_SEARCH_USER_PATHS = NO;
				CLANG_ANALYZER_NONNULL = YES;
				CLANG_ANALYZER_NUMBER_OBJECT_CONVERSION = YES_AGGRESSIVE;
				CLANG_CXX_LANGUAGE_STANDARD = "gnu++17";
				CLANG_ENABLE_MODULES = YES;
				CLANG_ENABLE_OBJC_ARC = YES;
				CLANG_ENABLE_OBJC_WEAK = YES;
				CLANG_WARN_BLOCK_CAPTURE_AUTORELEASING = YES;
				CLANG_WARN_BOOL_CONVERSION = YES;
				CLANG_WARN_COMMA = YES;
				CLANG_WARN_CONSTANT_CONVERSION = YES;
				CLANG_WARN_DEPRECATED_OBJC_IMPLEMENTATIONS = YES;
				CLANG_WARN_DIRECT_OBJC_ISA_USAGE = YES_ERROR;
				CLANG_WARN_DOCUMENTATION_COMMENTS = YES;
				CLANG_WARN_EMPTY_BODY = YES;
				CLANG_WARN_ENUM_CONVERSION = YES;
				CLANG_WARN_INFINITE_RECURSION = YES;
				CLANG_WARN_INT_CONVERSION = YES;
				CLANG_WARN_NON_LITERAL_NULL_CONVERSION = YES;
				CLANG_WARN_OBJC_IMPLICIT_RETAIN_SELF = YES;
				CLANG_WARN_OBJC_LITERAL_CONVERSION = YES;
				CLANG_WARN_OBJC_ROOT_CLASS = YES_ERROR;
				CLANG_WARN_QUOTED_INCLUDE_IN_FRAMEWORK_HEADER = YES;
				CLANG_WARN_RANGE_LOOP_ANALYSIS = YES;
				CLANG_WARN_STRICT_PROTOTYPES = YES;
				CLANG_WARN_SUSPICIOUS_MOVE = YES;
				CLANG_WARN_UNGUARDED_AVAILABILITY = YES_AGGRESSIVE;
				CLANG_WARN_UNREACHABLE_CODE = YES;
				CLANG_WARN__DUPLICATE_METHOD_MATCH = YES;
				COPY_PHASE_STRIP = NO;
				DEBUG_INFORMATION_FORMAT = dwarf;
				ENABLE_STRICT_OBJC_MSGSEND = YES;
				ENABLE_TESTABILITY = YES;
				GCC_C_LANGUAGE_STANDARD = gnu11;
				GCC_DYNAMIC_NO_PIC = NO;
				GCC_NO_COMMON_BLOCKS = YES;
				GCC_OPTIMIZATION_LEVEL = 0;
				GCC_PREPROCESSOR_DEFINITIONS = (
					"DEBUG=1",
					"$(inherited)",
				);
				GCC_WARN_64_TO_32_BIT_CONVERSION = YES;
				GCC_WARN_ABOUT_RETURN_TYPE = YES_ERROR;
				GCC_WARN_UNDECLARED_SELECTOR = YES;
				GCC_WARN_UNINITIALIZED_AUTOS = YES_AGGRESSIVE;
				GCC_WARN_UNUSED_FUNCTION = YES;
				GCC_WARN_UNUSED_VARIABLE = YES;
				MTL_ENABLE_DEBUG_INFO = INCLUDE_SOURCE;
				MTL_FAST_MATH = YES;
				ONLY_ACTIVE_ARCH = YES;
				SWIFT_ACTIVE_COMPILATION_CONDITIONS = DEBUG;
				SWIFT_OPTIMIZATION_LEVEL = "-Onone";
			};
			name = Debug;
		};
		4A20328528A2BD8E00D4E4E2 /* Release */ = {
			isa = XCBuildConfiguration;
			buildSettings = {
				ALWAYS_SEARCH_USER_PATHS = NO;
				CLANG_ANALYZER_NONNULL = YES;
				CLANG_ANALYZER_NUMBER_OBJECT_CONVERSION = YES_AGGRESSIVE;
				CLANG_CXX_LANGUAGE_STANDARD = "gnu++17";
				CLANG_ENABLE_MODULES = YES;
				CLANG_ENABLE_OBJC_ARC = YES;
				CLANG_ENABLE_OBJC_WEAK = YES;
				CLANG_WARN_BLOCK_CAPTURE_AUTORELEASING = YES;
				CLANG_WARN_BOOL_CONVERSION = YES;
				CLANG_WARN_COMMA = YES;
				CLANG_WARN_CONSTANT_CONVERSION = YES;
				CLANG_WARN_DEPRECATED_OBJC_IMPLEMENTATIONS = YES;
				CLANG_WARN_DIRECT_OBJC_ISA_USAGE = YES_ERROR;
				CLANG_WARN_DOCUMENTATION_COMMENTS = YES;
				CLANG_WARN_EMPTY_BODY = YES;
				CLANG_WARN_ENUM_CONVERSION = YES;
				CLANG_WARN_INFINITE_RECURSION = YES;
				CLANG_WARN_INT_CONVERSION = YES;
				CLANG_WARN_NON_LITERAL_NULL_CONVERSION = YES;
				CLANG_WARN_OBJC_IMPLICIT_RETAIN_SELF = YES;
				CLANG_WARN_OBJC_LITERAL_CONVERSION = YES;
				CLANG_WARN_OBJC_ROOT_CLASS = YES_ERROR;
				CLANG_WARN_QUOTED_INCLUDE_IN_FRAMEWORK_HEADER = YES;
				CLANG_WARN_RANGE_LOOP_ANALYSIS = YES;
				CLANG_WARN_STRICT_PROTOTYPES = YES;
				CLANG_WARN_SUSPICIOUS_MOVE = YES;
				CLANG_WARN_UNGUARDED_AVAILABILITY = YES_AGGRESSIVE;
				CLANG_WARN_UNREACHABLE_CODE = YES;
				CLANG_WARN__DUPLICATE_METHOD_MATCH = YES;
				COPY_PHASE_STRIP = NO;
				DEBUG_INFORMATION_FORMAT = "dwarf-with-dsym";
				ENABLE_NS_ASSERTIONS = NO;
				ENABLE_STRICT_OBJC_MSGSEND = YES;
				GCC_C_LANGUAGE_STANDARD = gnu11;
				GCC_NO_COMMON_BLOCKS = YES;
				GCC_WARN_64_TO_32_BIT_CONVERSION = YES;
				GCC_WARN_ABOUT_RETURN_TYPE = YES_ERROR;
				GCC_WARN_UNDECLARED_SELECTOR = YES;
				GCC_WARN_UNINITIALIZED_AUTOS = YES_AGGRESSIVE;
				GCC_WARN_UNUSED_FUNCTION = YES;
				GCC_WARN_UNUSED_VARIABLE = YES;
				MTL_ENABLE_DEBUG_INFO = NO;
				MTL_FAST_MATH = YES;
				SWIFT_COMPILATION_MODE = wholemodule;
				SWIFT_OPTIMIZATION_LEVEL = "-O";
			};
			name = Release;
		};
		4A20328728A2BD8E00D4E4E2 /* Debug */ = {
			isa = XCBuildConfiguration;
			buildSettings = {
				ASSETCATALOG_COMPILER_APPICON_NAME = AppIcon;
				ASSETCATALOG_COMPILER_GLOBAL_ACCENT_COLOR_NAME = AccentColor;
				CODE_SIGN_STYLE = Automatic;
				CURRENT_PROJECT_VERSION = 1;
				DEVELOPMENT_TEAM = PM4297ZZX2;
				ENABLE_PREVIEWS = YES;
				GENERATE_INFOPLIST_FILE = YES;
				INFOPLIST_FILE = "Reader--iOS--Info.plist";
				INFOPLIST_KEY_NSFaceIDUsageDescription = "解锁应用";
				INFOPLIST_KEY_UIApplicationSceneManifest_Generation = YES;
				INFOPLIST_KEY_UIApplicationSupportsIndirectInputEvents = YES;
				INFOPLIST_KEY_UILaunchScreen_Generation = YES;
				INFOPLIST_KEY_UISupportedInterfaceOrientations_iPad = "UIInterfaceOrientationPortrait UIInterfaceOrientationPortraitUpsideDown UIInterfaceOrientationLandscapeLeft UIInterfaceOrientationLandscapeRight";
				INFOPLIST_KEY_UISupportedInterfaceOrientations_iPhone = "UIInterfaceOrientationPortrait UIInterfaceOrientationLandscapeLeft UIInterfaceOrientationLandscapeRight";
				IPHONEOS_DEPLOYMENT_TARGET = 15.5;
				LD_RUNPATH_SEARCH_PATHS = (
					"$(inherited)",
					"@executable_path/Frameworks",
				);
				MARKETING_VERSION = 1.0;
				PRODUCT_BUNDLE_IDENTIFIER = cc.paisleypark.Reader;
				PRODUCT_NAME = Reader;
				SDKROOT = iphoneos;
				SWIFT_EMIT_LOC_STRINGS = YES;
				SWIFT_VERSION = 5.0;
				TARGETED_DEVICE_FAMILY = "1,2";
			};
			name = Debug;
		};
		4A20328828A2BD8E00D4E4E2 /* Release */ = {
			isa = XCBuildConfiguration;
			buildSettings = {
				ASSETCATALOG_COMPILER_APPICON_NAME = AppIcon;
				ASSETCATALOG_COMPILER_GLOBAL_ACCENT_COLOR_NAME = AccentColor;
				CODE_SIGN_STYLE = Automatic;
				CURRENT_PROJECT_VERSION = 1;
				DEVELOPMENT_TEAM = PM4297ZZX2;
				ENABLE_PREVIEWS = YES;
				GENERATE_INFOPLIST_FILE = YES;
				INFOPLIST_FILE = "Reader--iOS--Info.plist";
				INFOPLIST_KEY_NSFaceIDUsageDescription = "解锁应用";
				INFOPLIST_KEY_UIApplicationSceneManifest_Generation = YES;
				INFOPLIST_KEY_UIApplicationSupportsIndirectInputEvents = YES;
				INFOPLIST_KEY_UILaunchScreen_Generation = YES;
				INFOPLIST_KEY_UISupportedInterfaceOrientations_iPad = "UIInterfaceOrientationPortrait UIInterfaceOrientationPortraitUpsideDown UIInterfaceOrientationLandscapeLeft UIInterfaceOrientationLandscapeRight";
				INFOPLIST_KEY_UISupportedInterfaceOrientations_iPhone = "UIInterfaceOrientationPortrait UIInterfaceOrientationLandscapeLeft UIInterfaceOrientationLandscapeRight";
				IPHONEOS_DEPLOYMENT_TARGET = 15.5;
				LD_RUNPATH_SEARCH_PATHS = (
					"$(inherited)",
					"@executable_path/Frameworks",
				);
				MARKETING_VERSION = 1.0;
				PRODUCT_BUNDLE_IDENTIFIER = cc.paisleypark.Reader;
				PRODUCT_NAME = Reader;
				SDKROOT = iphoneos;
				SWIFT_EMIT_LOC_STRINGS = YES;
				SWIFT_VERSION = 5.0;
				TARGETED_DEVICE_FAMILY = "1,2";
				VALIDATE_PRODUCT = YES;
			};
			name = Release;
		};
		4A20328A28A2BD8E00D4E4E2 /* Debug */ = {
			isa = XCBuildConfiguration;
			buildSettings = {
				ASSETCATALOG_COMPILER_APPICON_NAME = AppIcon;
				ASSETCATALOG_COMPILER_GLOBAL_ACCENT_COLOR_NAME = AccentColor;
				CODE_SIGN_ENTITLEMENTS = macOS/macOS.entitlements;
				CODE_SIGN_IDENTITY = "-";
				CODE_SIGN_STYLE = Automatic;
				COMBINE_HIDPI_IMAGES = YES;
				CURRENT_PROJECT_VERSION = 1;
				DEVELOPMENT_TEAM = PM4297ZZX2;
				ENABLE_HARDENED_RUNTIME = YES;
				ENABLE_PREVIEWS = YES;
				GENERATE_INFOPLIST_FILE = YES;
				INFOPLIST_KEY_NSHumanReadableCopyright = "";
				LD_RUNPATH_SEARCH_PATHS = (
					"$(inherited)",
					"@executable_path/../Frameworks",
				);
				MACOSX_DEPLOYMENT_TARGET = 12.3;
				MARKETING_VERSION = 1.0;
				PRODUCT_BUNDLE_IDENTIFIER = cc.paisleypark.Reader;
				PRODUCT_NAME = Reader;
				SDKROOT = macosx;
				SWIFT_EMIT_LOC_STRINGS = YES;
				SWIFT_VERSION = 5.0;
			};
			name = Debug;
		};
		4A20328B28A2BD8E00D4E4E2 /* Release */ = {
			isa = XCBuildConfiguration;
			buildSettings = {
				ASSETCATALOG_COMPILER_APPICON_NAME = AppIcon;
				ASSETCATALOG_COMPILER_GLOBAL_ACCENT_COLOR_NAME = AccentColor;
				CODE_SIGN_ENTITLEMENTS = macOS/macOS.entitlements;
				CODE_SIGN_IDENTITY = "-";
				CODE_SIGN_STYLE = Automatic;
				COMBINE_HIDPI_IMAGES = YES;
				CURRENT_PROJECT_VERSION = 1;
				DEVELOPMENT_TEAM = PM4297ZZX2;
				ENABLE_HARDENED_RUNTIME = YES;
				ENABLE_PREVIEWS = YES;
				GENERATE_INFOPLIST_FILE = YES;
				INFOPLIST_KEY_NSHumanReadableCopyright = "";
				LD_RUNPATH_SEARCH_PATHS = (
					"$(inherited)",
					"@executable_path/../Frameworks",
				);
				MACOSX_DEPLOYMENT_TARGET = 12.3;
				MARKETING_VERSION = 1.0;
				PRODUCT_BUNDLE_IDENTIFIER = cc.paisleypark.Reader;
				PRODUCT_NAME = Reader;
				SDKROOT = macosx;
				SWIFT_EMIT_LOC_STRINGS = YES;
				SWIFT_VERSION = 5.0;
			};
			name = Release;
		};
		4A20328D28A2BD8E00D4E4E2 /* Debug */ = {
			isa = XCBuildConfiguration;
			buildSettings = {
				ALWAYS_EMBED_SWIFT_STANDARD_LIBRARIES = YES;
				CODE_SIGN_STYLE = Automatic;
				CURRENT_PROJECT_VERSION = 1;
				DEVELOPMENT_TEAM = PM4297ZZX2;
				GENERATE_INFOPLIST_FILE = YES;
				IPHONEOS_DEPLOYMENT_TARGET = 15.5;
				MARKETING_VERSION = 1.0;
				PRODUCT_BUNDLE_IDENTIFIER = "cc.paisleypark.Tests-iOS";
				PRODUCT_NAME = "$(TARGET_NAME)";
				SDKROOT = iphoneos;
				SWIFT_EMIT_LOC_STRINGS = NO;
				SWIFT_VERSION = 5.0;
				TARGETED_DEVICE_FAMILY = "1,2";
				TEST_TARGET_NAME = "Reader (iOS)";
			};
			name = Debug;
		};
		4A20328E28A2BD8E00D4E4E2 /* Release */ = {
			isa = XCBuildConfiguration;
			buildSettings = {
				ALWAYS_EMBED_SWIFT_STANDARD_LIBRARIES = YES;
				CODE_SIGN_STYLE = Automatic;
				CURRENT_PROJECT_VERSION = 1;
				DEVELOPMENT_TEAM = PM4297ZZX2;
				GENERATE_INFOPLIST_FILE = YES;
				IPHONEOS_DEPLOYMENT_TARGET = 15.5;
				MARKETING_VERSION = 1.0;
				PRODUCT_BUNDLE_IDENTIFIER = "cc.paisleypark.Tests-iOS";
				PRODUCT_NAME = "$(TARGET_NAME)";
				SDKROOT = iphoneos;
				SWIFT_EMIT_LOC_STRINGS = NO;
				SWIFT_VERSION = 5.0;
				TARGETED_DEVICE_FAMILY = "1,2";
				TEST_TARGET_NAME = "Reader (iOS)";
				VALIDATE_PRODUCT = YES;
			};
			name = Release;
		};
		4A20329028A2BD8E00D4E4E2 /* Debug */ = {
			isa = XCBuildConfiguration;
			buildSettings = {
				ALWAYS_EMBED_SWIFT_STANDARD_LIBRARIES = YES;
				CODE_SIGN_STYLE = Automatic;
				CURRENT_PROJECT_VERSION = 1;
				DEVELOPMENT_TEAM = PM4297ZZX2;
				GENERATE_INFOPLIST_FILE = YES;
				MACOSX_DEPLOYMENT_TARGET = 12.3;
				MARKETING_VERSION = 1.0;
				PRODUCT_BUNDLE_IDENTIFIER = "cc.paisleypark.Tests-macOS";
				PRODUCT_NAME = "$(TARGET_NAME)";
				SDKROOT = macosx;
				SWIFT_EMIT_LOC_STRINGS = NO;
				SWIFT_VERSION = 5.0;
				TEST_TARGET_NAME = "Reader (macOS)";
			};
			name = Debug;
		};
		4A20329128A2BD8E00D4E4E2 /* Release */ = {
			isa = XCBuildConfiguration;
			buildSettings = {
				ALWAYS_EMBED_SWIFT_STANDARD_LIBRARIES = YES;
				CODE_SIGN_STYLE = Automatic;
				CURRENT_PROJECT_VERSION = 1;
				DEVELOPMENT_TEAM = PM4297ZZX2;
				GENERATE_INFOPLIST_FILE = YES;
				MACOSX_DEPLOYMENT_TARGET = 12.3;
				MARKETING_VERSION = 1.0;
				PRODUCT_BUNDLE_IDENTIFIER = "cc.paisleypark.Tests-macOS";
				PRODUCT_NAME = "$(TARGET_NAME)";
				SDKROOT = macosx;
				SWIFT_EMIT_LOC_STRINGS = NO;
				SWIFT_VERSION = 5.0;
				TEST_TARGET_NAME = "Reader (macOS)";
			};
			name = Release;
		};
/* End XCBuildConfiguration section */

/* Begin XCConfigurationList section */
		4A20325428A2BD8D00D4E4E2 /* Build configuration list for PBXProject "Reader" */ = {
			isa = XCConfigurationList;
			buildConfigurations = (
				4A20328428A2BD8E00D4E4E2 /* Debug */,
				4A20328528A2BD8E00D4E4E2 /* Release */,
			);
			defaultConfigurationIsVisible = 0;
			defaultConfigurationName = Release;
		};
		4A20328628A2BD8E00D4E4E2 /* Build configuration list for PBXNativeTarget "Reader (iOS)" */ = {
			isa = XCConfigurationList;
			buildConfigurations = (
				4A20328728A2BD8E00D4E4E2 /* Debug */,
				4A20328828A2BD8E00D4E4E2 /* Release */,
			);
			defaultConfigurationIsVisible = 0;
			defaultConfigurationName = Release;
		};
		4A20328928A2BD8E00D4E4E2 /* Build configuration list for PBXNativeTarget "Reader (macOS)" */ = {
			isa = XCConfigurationList;
			buildConfigurations = (
				4A20328A28A2BD8E00D4E4E2 /* Debug */,
				4A20328B28A2BD8E00D4E4E2 /* Release */,
			);
			defaultConfigurationIsVisible = 0;
			defaultConfigurationName = Release;
		};
		4A20328C28A2BD8E00D4E4E2 /* Build configuration list for PBXNativeTarget "Tests iOS" */ = {
			isa = XCConfigurationList;
			buildConfigurations = (
				4A20328D28A2BD8E00D4E4E2 /* Debug */,
				4A20328E28A2BD8E00D4E4E2 /* Release */,
			);
			defaultConfigurationIsVisible = 0;
			defaultConfigurationName = Release;
		};
		4A20328F28A2BD8E00D4E4E2 /* Build configuration list for PBXNativeTarget "Tests macOS" */ = {
			isa = XCConfigurationList;
			buildConfigurations = (
				4A20329028A2BD8E00D4E4E2 /* Debug */,
				4A20329128A2BD8E00D4E4E2 /* Release */,
			);
			defaultConfigurationIsVisible = 0;
			defaultConfigurationName = Release;
		};
/* End XCConfigurationList section */

/* Begin XCRemoteSwiftPackageReference section */
		4A2E8E5D28A4CAA500A33BD5 /* XCRemoteSwiftPackageReference "BetterSafariView" */ = {
			isa = XCRemoteSwiftPackageReference;
			repositoryURL = "https://gitee.com/masonpaisley/BetterSafariView.git";
			requirement = {
				branch = main;
				kind = branch;
			};
		};
		4A2E8E6728A6A92A00A33BD5 /* XCRemoteSwiftPackageReference "ImagePickerView" */ = {
			isa = XCRemoteSwiftPackageReference;
			repositoryURL = "https://gitee.com/masonpaisley/ImagePickerView.git";
			requirement = {
				kind = upToNextMajorVersion;
				minimumVersion = 0.5.0;
			};
		};
/* End XCRemoteSwiftPackageReference section */

/* Begin XCSwiftPackageProductDependency section */
		4A2E8E5F28A4CB8900A33BD5 /* BetterSafariView */ = {
			isa = XCSwiftPackageProductDependency;
			package = 4A2E8E5D28A4CAA500A33BD5 /* XCRemoteSwiftPackageReference "BetterSafariView" */;
			productName = BetterSafariView;
		};
		4A2E8E6828A6A92A00A33BD5 /* ImagePickerView */ = {
			isa = XCSwiftPackageProductDependency;
			package = 4A2E8E6728A6A92A00A33BD5 /* XCRemoteSwiftPackageReference "ImagePickerView" */;
			productName = ImagePickerView;
		};
/* End XCSwiftPackageProductDependency section */

/* Begin XCVersionGroup section */
		4A1B294828A7AA5700E32D28 /* Reader.xcdatamodeld */ = {
			isa = XCVersionGroup;
			children = (
				4A1B294928A7AA5700E32D28 /* CheckInModel.xcdatamodel */,
			);
			currentVersion = 4A1B294928A7AA5700E32D28 /* CheckInModel.xcdatamodel */;
			path = Reader.xcdatamodeld;
			sourceTree = "<group>";
			versionGroupType = wrapper.xcdatamodel;
		};
/* End XCVersionGroup section */
	};
	rootObject = 4A20325128A2BD8D00D4E4E2 /* Project object */;
}
